{
  "version": "5",
  "specifiers": {
    "jsr:@supabase/functions-js@2": "2.106.0",
    "npm:@anthropic-ai/sdk@0.70": "0.70.1"
  },
  "jsr": {
    "@supabase/functions-js@2.106.0": {
      "integrity": "099a71e42598326ff161ffd67b9c29fc90a767b7bad3afb2494679889fe8ad5b"
    }
  },
  "npm": {
    "@anthropic-ai/sdk@0.70.1": {
      "integrity": "sha512-AGEhifuvE22VxfQ5ROxViTgM8NuVQzEvqcN8bttR4AP24ythmNE/cL/SrOz79xiv7/osrsmCyErjsistJi7Z8A==",
      "dependencies": [
        "json-schema-to-ts"
      ],
      "bin": true
    },
    "@babel/runtime@7.29.2": {
      "integrity": "sha512-JiDShH45zKHWyGe4ZNVRrCjBz8Nh9TMmZG1kh4QTK8hCBTWBi8Da+i7s1fJw7/lYpM4ccepSNfqzZ/QvABBi5g=="
    },
    "json-schema-to-ts@3.1.1": {
      "integrity": "sha512-+DWg8jCJG2TEnpy7kOm/7/AxaYoaRbjVB4LFZLySZlWn8exGs3A4OLJR966cVvU26N7X9TWxl+Jsw7dzAqKT6g==",
      "dependencies": [
        "@babel/runtime",
        "ts-algebra"
      ]
    },
    "ts-algebra@2.0.0": {
      "integrity": "sha512-FPAhNPFMrkwz76P7cdjdmiShwMynZYN6SgOujD1urY4oNm80Ou9oMdmbR45LotcKOXoy7wSmHkRFE6Mxbrhefw=="
    }
  },
  "workspace": {
    "dependencies": [
      "jsr:@supabase/functions-js@2",
      "npm:@anthropic-ai/sdk@0.70"
    ]
  }
}
